
Microsoft Visual Studio Solution File, Format Version 12.00
# Visual Studio Version 17
VisualStudioVersion = 17.8.34511.84
MinimumVisualStudioVersion = 10.0.40219.1
Project("{FAE04EC0-301F-11D3-BF4B-00C04F79EFBC}") = "PushNotificationFirebaseDemo", "PushNotificationFirebaseDemo\PushNotificationFirebaseDemo.csproj", "{584E9B96-FA78-481D-A148-C5FB91C46249}"
EndProject
Global
	GlobalSection(SolutionConfigurationPlatforms) = preSolution
		Debug|Any CPU = Debug|Any CPU
		Release|Any CPU = Release|Any CPU
	EndGlobalSection
	GlobalSection(ProjectConfigurationPlatforms) = postSolution
		{584E9B96-FA78-481D-A148-C5FB91C46249}.Debug|Any CPU.ActiveCfg = Debug|Any CPU
		{584E9B96-FA78-481D-A148-C5FB91C46249}.Debug|Any CPU.Build.0 = Debug|Any CPU
		{584E9B96-FA78-481D-A148-C5FB91C46249}.Debug|Any CPU.Deploy.0 = Debug|Any CPU
		{584E9B96-FA78-481D-A148-C5FB91C46249}.Release|Any CPU.ActiveCfg = Release|Any CPU
		{584E9B96-FA78-481D-A148-C5FB91C46249}.Release|Any CPU.Build.0 = Release|Any CPU
		{584E9B96-FA78-481D-A148-C5FB91C46249}.Release|Any CPU.Deploy.0 = Release|Any CPU
	EndGlobalSection
	GlobalSection(SolutionProperties) = preSolution
		HideSolutionNode = FALSE
	EndGlobalSection
	GlobalSection(ExtensibilityGlobals) = postSolution
		SolutionGuid = {BB59FC61-9C81-4006-8760-CCDD43B3C4E5}
	EndGlobalSection
EndGlobal
